// !$*UTF8*$!
{
	archiveVersion = 1;
	classes = {
	};
	objectVersion = 77;
	objects = {

/* Begin PBXBuildFile section */
		19090479F23D06066DDDBBA5 /* BatteryService.swift in Sources */ = {isa = PBXBuildFile; fileRef = 33DBA5A3512CD4BF6F06D880 /* BatteryService.swift */; };
		39E464D6C01D83DCB0865C7B /* Assets.xcassets in Resources */ = {isa = PBXBuildFile; fileRef = 774E8EC3CE419CB5C6B06897 /* Assets.xcassets */; };
		57740DE16A74E7572DF2AD78 /* MyMouseBatteryApp.swift in Sources */ = {isa = PBXBuildFile; fileRef = B904DBF5043EB6194E3001A0 /* MyMouseBatteryApp.swift */; };
		744ABB79F7056567AEA348AA /* NotificationService.swift in Sources */ = {isa = PBXBuildFile; fileRef = F2D8037626E5966CE18F3BC5 /* NotificationService.swift */; };
		98AC60A1DDD8E81AEB94856D /* SettingsView.swift in Sources */ = {isa = PBXBuildFile; fileRef = BD89A722DF58315A07A72E10 /* SettingsView.swift */; };
		98C1444E753DF0493F536403 /* DeviceBattery.swift in Sources */ = {isa = PBXBuildFile; fileRef = BE53C6E8A0DE6905101A5AD3 /* DeviceBattery.swift */; };
		AA0070156C1B4A71202A716E /* BatteryReading.swift in Sources */ = {isa = PBXBuildFile; fileRef = 785A88CB82BCC77A8B39D7D3 /* BatteryReading.swift */; };
		BF151FB95CB173BC3F21B1E3 /* BatteryHistoryView.swift in Sources */ = {isa = PBXBuildFile; fileRef = 360C001B73983FD2BDF6F971 /* BatteryHistoryView.swift */; };
		C888CFC263DE067A812D997E /* DeviceBatteryView.swift in Sources */ = {isa = PBXBuildFile; fileRef = DBC7CE59BFB741C238E3CADC /* DeviceBatteryView.swift */; };
		CC865725D195C9305B6497C8 /* Localizable.strings in Resources */ = {isa = PBXBuildFile; fileRef = D065EEC9DD075733F4A08496 /* Localizable.strings */; };
		D4A58148803C3C9852872747 /* MenuBarView.swift in Sources */ = {isa = PBXBuildFile; fileRef = 19BB0D3530FEE11B5BD2AA9E /* MenuBarView.swift */; };
/* End PBXBuildFile section */

/* Begin PBXFileReference section */
		19BB0D3530FEE11B5BD2AA9E /* MenuBarView.swift */ = {isa = PBXFileReference; lastKnownFileType = sourcecode.swift; path = MenuBarView.swift; sourceTree = "<group>"; };
		33DBA5A3512CD4BF6F06D880 /* BatteryService.swift */ = {isa = PBXFileReference; lastKnownFileType = sourcecode.swift; path = BatteryService.swift; sourceTree = "<group>"; };
		360C001B73983FD2BDF6F971 /* BatteryHistoryView.swift */ = {isa = PBXFileReference; lastKnownFileType = sourcecode.swift; path = BatteryHistoryView.swift; sourceTree = "<group>"; };
		3C674F8635AFFEA0A58D560B /* es */ = {isa = PBXFileReference; lastKnownFileType = text.plist.strings; name = es; path = es.lproj/Localizable.strings; sourceTree = "<group>"; };
		6DDA11BAACA8D39906261534 /* Info.plist */ = {isa = PBXFileReference; lastKnownFileType = text.plist; path = Info.plist; sourceTree = "<group>"; };
		774E8EC3CE419CB5C6B06897 /* Assets.xcassets */ = {isa = PBXFileReference; lastKnownFileType = folder.assetcatalog; path = Assets.xcassets; sourceTree = "<group>"; };
		785A88CB82BCC77A8B39D7D3 /* BatteryReading.swift */ = {isa = PBXFileReference; lastKnownFileType = sourcecode.swift; path = BatteryReading.swift; sourceTree = "<group>"; };
		9C294163F153EC074A05EB5C /* MyMouseBattery.entitlements */ = {isa = PBXFileReference; lastKnownFileType = text.plist.entitlements; path = MyMouseBattery.entitlements; sourceTree = "<group>"; };
		B904DBF5043EB6194E3001A0 /* MyMouseBatteryApp.swift */ = {isa = PBXFileReference; lastKnownFileType = sourcecode.swift; path = MyMouseBatteryApp.swift; sourceTree = "<group>"; };
		BD89A722DF58315A07A72E10 /* SettingsView.swift */ = {isa = PBXFileReference; lastKnownFileType = sourcecode.swift; path = SettingsView.swift; sourceTree = "<group>"; };
		BDF767ABAE77601A8E06E5A0 /* en */ = {isa = PBXFileReference; lastKnownFileType = text.plist.strings; name = en; path = en.lproj/Localizable.strings; sourceTree = "<group>"; };
		BE53C6E8A0DE6905101A5AD3 /* DeviceBattery.swift */ = {isa = PBXFileReference; lastKnownFileType = sourcecode.swift; path = DeviceBattery.swift; sourceTree = "<group>"; };
		DBC7CE59BFB741C238E3CADC /* DeviceBatteryView.swift */ = {isa = PBXFileReference; lastKnownFileType = sourcecode.swift; path = DeviceBatteryView.swift; sourceTree = "<group>"; };
		E049DE73E2ECD6D68F643AA4 /* MyMouseBattery.app */ = {isa = PBXFileReference; explicitFileType = wrapper.application; includeInIndex = 0; path = MyMouseBattery.app; sourceTree = BUILT_PRODUCTS_DIR; };
		F2D8037626E5966CE18F3BC5 /* NotificationService.swift */ = {isa = PBXFileReference; lastKnownFileType = sourcecode.swift; path = NotificationService.swift; sourceTree = "<group>"; };
/* End PBXFileReference section */

/* Begin PBXGroup section */
		2594DEF2E21389AD252574B3 /* Views */ = {
			isa = PBXGroup;
			children = (
				360C001B73983FD2BDF6F971 /* BatteryHistoryView.swift */,
				DBC7CE59BFB741C238E3CADC /* DeviceBatteryView.swift */,
				19BB0D3530FEE11B5BD2AA9E /* MenuBarView.swift */,
				BD89A722DF58315A07A72E10 /* SettingsView.swift */,
			);
			path = Views;
			sourceTree = "<group>";
		};
		48352346F40E44193FC2E510 /* Services */ = {
			isa = PBXGroup;
			children = (
				33DBA5A3512CD4BF6F06D880 /* BatteryService.swift */,
				F2D8037626E5966CE18F3BC5 /* NotificationService.swift */,
			);
			path = Services;
			sourceTree = "<group>";
		};
		4CD07861D7CB945F9262EEF8 /* Products */ = {
			isa = PBXGroup;
			children = (
				E049DE73E2ECD6D68F643AA4 /* MyMouseBattery.app */,
			);
			name = Products;
			sourceTree = "<group>";
		};
		5366491C2250F8B92345BB36 /* Models */ = {
			isa = PBXGroup;
			children = (
				785A88CB82BCC77A8B39D7D3 /* BatteryReading.swift */,
				BE53C6E8A0DE6905101A5AD3 /* DeviceBattery.swift */,
			);
			path = Models;
			sourceTree = "<group>";
		};
		C70A2969CD95C95F7EF757CD /* MyMouseBattery */ = {
			isa = PBXGroup;
			children = (
				6DDA11BAACA8D39906261534 /* Info.plist */,
				9C294163F153EC074A05EB5C /* MyMouseBattery.entitlements */,
				D71790486FE29E48EB4FABE4 /* App */,
				5366491C2250F8B92345BB36 /* Models */,
				EDDFE279E9B598F9A2BDC246 /* Resources */,
				48352346F40E44193FC2E510 /* Services */,
				2594DEF2E21389AD252574B3 /* Views */,
			);
			path = MyMouseBattery;
			sourceTree = "<group>";
		};
		D71790486FE29E48EB4FABE4 /* App */ = {
			isa = PBXGroup;
			children = (
				B904DBF5043EB6194E3001A0 /* MyMouseBatteryApp.swift */,
			);
			path = App;
			sourceTree = "<group>";
		};
		E173C3AA418C9A35968011C5 = {
			isa = PBXGroup;
			children = (
				C70A2969CD95C95F7EF757CD /* MyMouseBattery */,
				4CD07861D7CB945F9262EEF8 /* Products */,
			);
			sourceTree = "<group>";
		};
		EDDFE279E9B598F9A2BDC246 /* Resources */ = {
			isa = PBXGroup;
			children = (
				774E8EC3CE419CB5C6B06897 /* Assets.xcassets */,
				D065EEC9DD075733F4A08496 /* Localizable.strings */,
			);
			path = Resources;
			sourceTree = "<group>";
		};
/* End PBXGroup section */

/* Begin PBXNativeTarget section */
		374216A22D6B9FF80A96A5A7 /* MyMouseBattery */ = {
			isa = PBXNativeTarget;
			buildConfigurationList = A9C8D574A88B584F977D550C /* Build configuration list for PBXNativeTarget "MyMouseBattery" */;
			buildPhases = (
				6244B7AB036187F7E9CE8369 /* Sources */,
				7B5E231474E3C0EB8F89C2A2 /* Resources */,
			);
			buildRules = (
			);
			dependencies = (
			);
			name = MyMouseBattery;
			packageProductDependencies = (
			);
			productName = MyMouseBattery;
			productReference = E049DE73E2ECD6D68F643AA4 /* MyMouseBattery.app */;
			productType = "com.apple.product-type.application";
		};
/* End PBXNativeTarget section */

/* Begin PBXProject section */
		B4B899C1410F9CDAD0F681C2 /* Project object */ = {
			isa = PBXProject;
			attributes = {
				BuildIndependentTargetsInParallel = YES;
				LastUpgradeCheck = 1500;
				TargetAttributes = {
					374216A22D6B9FF80A96A5A7 = {
						ProvisioningStyle = Automatic;
					};
				};
			};
			buildConfigurationList = DC24908931EE39B93A9C5FE7 /* Build configuration list for PBXProject "MyMouseBattery" */;
			developmentRegion = es;
			hasScannedForEncodings = 0;
			knownRegions = (
				Base,
				en,
				es,
			);
			mainGroup = E173C3AA418C9A35968011C5;
			minimizedProjectReferenceProxies = 1;
			preferredProjectObjectVersion = 77;
			productRefGroup = 4CD07861D7CB945F9262EEF8 /* Products */;
			projectDirPath = "";
			projectRoot = "";
			targets = (
				374216A22D6B9FF80A96A5A7 /* MyMouseBattery */,
			);
		};
/* End PBXProject section */

/* Begin PBXResourcesBuildPhase section */
		7B5E231474E3C0EB8F89C2A2 /* Resources */ = {
			isa = PBXResourcesBuildPhase;
			buildActionMask = 2147483647;
			files = (
				39E464D6C01D83DCB0865C7B /* Assets.xcassets in Resources */,
				CC865725D195C9305B6497C8 /* Localizable.strings in Resources */,
			);
			runOnlyForDeploymentPostprocessing = 0;
		};
/* End PBXResourcesBuildPhase section */

/* Begin PBXSourcesBuildPhase section */
		6244B7AB036187F7E9CE8369 /* Sources */ = {
			isa = PBXSourcesBuildPhase;
			buildActionMask = 2147483647;
			files = (
				BF151FB95CB173BC3F21B1E3 /* BatteryHistoryView.swift in Sources */,
				AA0070156C1B4A71202A716E /* BatteryReading.swift in Sources */,
				19090479F23D06066DDDBBA5 /* BatteryService.swift in Sources */,
				98C1444E753DF0493F536403 /* DeviceBattery.swift in Sources */,
				C888CFC263DE067A812D997E /* DeviceBatteryView.swift in Sources */,
				D4A58148803C3C9852872747 /* MenuBarView.swift in Sources */,
				57740DE16A74E7572DF2AD78 /* MyMouseBatteryApp.swift in Sources */,
				744ABB79F7056567AEA348AA /* NotificationService.swift in Sources */,
				98AC60A1DDD8E81AEB94856D /* SettingsView.swift in Sources */,
			);
			runOnlyForDeploymentPostprocessing = 0;
		};
/* End PBXSourcesBuildPhase section */

/* Begin PBXVariantGroup section */
		D065EEC9DD075733F4A08496 /* Localizable.strings */ = {
			isa = PBXVariantGroup;
			children = (
				BDF767ABAE77601A8E06E5A0 /* en */,
				3C674F8635AFFEA0A58D560B /* es */,
			);
			name = Localizable.strings;
			sourceTree = "<group>";
		};
/* End PBXVariantGroup section */

/* Begin XCBuildConfiguration section */
		161CA5E7B4AF170CDCF2CF14 /* Release */ = {
			isa = XCBuildConfiguration;
			buildSettings = {
				ASSETCATALOG_COMPILER_APPICON_NAME = AppIcon;
				CODE_SIGN_ENTITLEMENTS = MyMouseBattery/MyMouseBattery.entitlements;
				CODE_SIGN_IDENTITY = "Apple Distribution";
				"CODE_SIGN_IDENTITY[sdk=macosx*]" = "Apple Development";
				CODE_SIGN_STYLE = Automatic;
				COMBINE_HIDPI_IMAGES = YES;
				CURRENT_PROJECT_VERSION = 4;
				DEVELOPMENT_TEAM = DQ7D6387N8;
				ENABLE_HARDENED_RUNTIME = YES;
				INFOPLIST_FILE = MyMouseBattery/Info.plist;
				INFOPLIST_KEY_LSApplicationCategoryType = "public.app-category.utilities";
				PRODUCT_BUNDLE_IDENTIFIER = com.jmaudisio.MyMouseBattery;
			};
			name = Release;
		};
		58068C4468AF95CE7E4777B8 /* Release */ = {
			isa = XCBuildConfiguration;
			buildSettings = {
				ALWAYS_SEARCH_USER_PATHS = NO;
				CURRENT_PROJECT_VERSION = 3;
				DEBUG_INFORMATION_FORMAT = "dwarf-with-dsym";
				MACOSX_DEPLOYMENT_TARGET = 14.0;
				MARKETING_VERSION = 1.2;
				PRODUCT_NAME = "$(TARGET_NAME)";
				SDKROOT = macosx;
				SWIFT_VERSION = 5.9;
			};
			name = Release;
		};
		A34C021CEC7165ACFFEE5751 /* Debug */ = {
			isa = XCBuildConfiguration;
			buildSettings = {
				ALWAYS_SEARCH_USER_PATHS = NO;
				CURRENT_PROJECT_VERSION = 3;
				MACOSX_DEPLOYMENT_TARGET = 14.0;
				MARKETING_VERSION = 1.2;
				PRODUCT_NAME = "$(TARGET_NAME)";
				SDKROOT = macosx;
				SWIFT_VERSION = 5.9;
			};
			name = Debug;
		};
		E8E5A3F3AAC51C52B60E0096 /* Debug */ = {
			isa = XCBuildConfiguration;
			buildSettings = {
				ASSETCATALOG_COMPILER_APPICON_NAME = AppIcon;
				CODE_SIGN_ENTITLEMENTS = MyMouseBattery/MyMouseBattery.entitlements;
				CODE_SIGN_IDENTITY = "Apple Distribution";
				"CODE_SIGN_IDENTITY[sdk=macosx*]" = "Apple Development";
				CODE_SIGN_STYLE = Automatic;
				COMBINE_HIDPI_IMAGES = YES;
				CURRENT_PROJECT_VERSION = 4;
				DEVELOPMENT_TEAM = DQ7D6387N8;
				ENABLE_HARDENED_RUNTIME = YES;
				INFOPLIST_FILE = MyMouseBattery/Info.plist;
				INFOPLIST_KEY_LSApplicationCategoryType = "public.app-category.utilities";
				PRODUCT_BUNDLE_IDENTIFIER = com.jmaudisio.MyMouseBattery;
			};
			name = Debug;
		};
/* End XCBuildConfiguration section */

/* Begin XCConfigurationList section */
		A9C8D574A88B584F977D550C /* Build configuration list for PBXNativeTarget "MyMouseBattery" */ = {
			isa = XCConfigurationList;
			buildConfigurations = (
				E8E5A3F3AAC51C52B60E0096 /* Debug */,
				161CA5E7B4AF170CDCF2CF14 /* Release */,
			);
			defaultConfigurationIsVisible = 0;
			defaultConfigurationName = Debug;
		};
		DC24908931EE39B93A9C5FE7 /* Build configuration list for PBXProject "MyMouseBattery" */ = {
			isa = XCConfigurationList;
			buildConfigurations = (
				A34C021CEC7165ACFFEE5751 /* Debug */,
				58068C4468AF95CE7E4777B8 /* Release */,
			);
			defaultConfigurationIsVisible = 0;
			defaultConfigurationName = Debug;
		};
/* End XCConfigurationList section */
	};
	rootObject = B4B899C1410F9CDAD0F681C2 /* Project object */;
}
